DEPENDENCIES
  elasticsearch (~> 2.3.2)
  mg-testing-platform
    path: .
    metadata: true
  redisio (~> 2.4.2)
  resque (~> 3.0.4)

GRAPH
  apt (4.0.1)
    compat_resource (>= 12.10)
  ark (1.2.0)
    build-essential (>= 0.0.0)
    seven_zip (>= 0.0.0)
    windows (>= 0.0.0)
  build-essential (6.0.1)
    compat_resource (>= 12.10)
    mingw (>= 1.1)
    seven_zip (>= 0.0.0)
  chef-sugar (3.4.0)
  chef_handler (1.4.0)
  compat_resource (12.10.7)
  elasticsearch (2.3.2)
    apt (>= 0.0.0)
    ark (>= 0.0.0)
    chef-sugar (>= 0.0.0)
    yum (>= 0.0.0)
  install_from (3.0.4)
  metachef (3.0.4)
  mg-testing-platform (0.1.0)
  mingw (1.2.2)
    compat_resource (>= 0.0.0)
    seven_zip (>= 0.0.0)
  packagecloud (0.2.4)
  redis (3.0.4)
    install_from (>= 0.0.0)
    metachef (>= 0.0.0)
    runit (>= 0.0.0)
  redisio (2.4.2)
    build-essential (>= 0.0.0)
    ulimit (>= 0.1.2)
  resque (3.0.4)
    redis (>= 0.0.0)
    runit (>= 0.0.0)
  runit (1.7.8)
    packagecloud (>= 0.0.0)
  seven_zip (2.0.1)
    windows (>= 1.2.2)
  ulimit (0.4.0)
  windows (1.44.1)
    chef_handler (>= 0.0.0)
  yum (3.11.0)
